{
	"requires": true,
	"lockfileVersion": 1,
	"dependencies": {
		"@minapp/wx": {
			"version": "1.1.1",
			"resolved": "http://registry.npm.taobao.org/@minapp/wx/download/@minapp/wx-1.1.1.tgz",
			"integrity": "sha1-8wqPQJfB0xzf4lfMBedgOh1k8bw=",
			"requires": {
				"tslib": "^1.9.0"
			}
		},
		"tslib": {
			"version": "1.9.0",
			"resolved": "http://registry.npm.taobao.org/tslib/download/tslib-1.9.0.tgz",
			"integrity": "sha1-43qG/ajLuvI6BX9HPJ9Nxk5fwug="
		}
	}
}
