{
	"requires": true,
	"lockfileVersion": 1,
	"dependencies": {
		"babel-runtime": {
			"version": "6.26.0",
			"resolved": "http://registry.npm.taobao.org/babel-runtime/download/babel-runtime-6.26.0.tgz",
			"integrity": "sha1-llxwWGaOgrVde/4E/yM3vItWR/4=",
			"requires": {
				"core-js": "2.5.3",
				"regenerator-runtime": "0.11.1"
			}
		},
		"core-js": {
			"version": "2.5.3",
			"resolved": "http://registry.npm.taobao.org/core-js/download/core-js-2.5.3.tgz",
			"integrity": "sha1-isw4NFgk8W2DZbfJtCWRaOjtYD4="
		},
		"cross-spawn": {
			"version": "5.1.0",
			"resolved": "http://registry.npm.taobao.org/cross-spawn/download/cross-spawn-5.1.0.tgz",
			"integrity": "sha1-6L0O/uWPz/b4+UUQoKVUu/ojVEk=",
			"requires": {
				"lru-cache": "4.1.1",
				"shebang-command": "1.2.0",
				"which": "1.3.0"
			}
		},
		"isexe": {
			"version": "2.0.0",
			"resolved": "http://registry.npm.taobao.org/isexe/download/isexe-2.0.0.tgz",
			"integrity": "sha1-6PvzdNxVb/iUehDcsFctYz8s+hA="
		},
		"lru-cache": {
			"version": "4.1.1",
			"resolved": "http://registry.npm.taobao.org/lru-cache/download/lru-cache-4.1.1.tgz",
			"integrity": "sha1-Yi4y6CSItJJ5EUpPns9F581rulU=",
			"requires": {
				"pseudomap": "1.0.2",
				"yallist": "2.1.2"
			}
		},
		"mora-scripts": {
			"version": "1.6.21",
			"resolved": "http://registry.npm.taobao.org/mora-scripts/download/mora-scripts-1.6.21.tgz",
			"integrity": "sha1-pvLUFShmszPBu1sEO20zftM2klk=",
			"requires": {
				"cross-spawn": "5.1.0",
				"semver-regex": "1.0.0"
			}
		},
		"pseudomap": {
			"version": "1.0.2",
			"resolved": "http://registry.npm.taobao.org/pseudomap/download/pseudomap-1.0.2.tgz",
			"integrity": "sha1-8FKijacOYYkX7wqKw0wa5aaChrM="
		},
		"regenerator-runtime": {
			"version": "0.11.1",
			"resolved": "http://registry.npm.taobao.org/regenerator-runtime/download/regenerator-runtime-0.11.1.tgz",
			"integrity": "sha1-vgWtf5v30i4Fb5cmzuUBf78Z4uk="
		},
		"semver-regex": {
			"version": "1.0.0",
			"resolved": "http://registry.npm.taobao.org/semver-regex/download/semver-regex-1.0.0.tgz",
			"integrity": "sha1-kqSWkGX5xwxpR1PVUkj8aPj2Usk="
		},
		"shebang-command": {
			"version": "1.2.0",
			"resolved": "http://registry.npm.taobao.org/shebang-command/download/shebang-command-1.2.0.tgz",
			"integrity": "sha1-RKrGW2lbAzmJaMOfNj/uXer98eo=",
			"requires": {
				"shebang-regex": "1.0.0"
			}
		},
		"shebang-regex": {
			"version": "1.0.0",
			"resolved": "http://registry.npm.taobao.org/shebang-regex/download/shebang-regex-1.0.0.tgz",
			"integrity": "sha1-2kL0l0DAtC2yypcoVxyxkMmO/qM="
		},
		"which": {
			"version": "1.3.0",
			"resolved": "http://registry.npm.taobao.org/which/download/which-1.3.0.tgz",
			"integrity": "sha1-/wS9/AEO5UfXgL7DjhrBwnd9JTo=",
			"requires": {
				"isexe": "2.0.0"
			}
		},
		"yallist": {
			"version": "2.1.2",
			"resolved": "http://registry.npm.taobao.org/yallist/download/yallist-2.1.2.tgz",
			"integrity": "sha1-HBH5IY8HYImkfdUS+TxmmaaoHVI="
		}
	}
}
