{
	"name": "@minapp/example-js",
	"version": "0.0.1",
	"lockfileVersion": 1,
	"requires": true,
	"dependencies": {
		"@minapp/core": {
			"version": "0.0.1",
			"resolved": "http://registry.npm.taobao.org/@minapp/core/download/@minapp/core-0.0.1.tgz",
			"integrity": "sha1-y7ptu/Dbb7ppvGlArnuyd5IGJT4="
		},
		"@types/loader-utils": {
			"version": "1.1.0",
			"resolved": "http://registry.npm.taobao.org/@types/loader-utils/download/@types/loader-utils-1.1.0.tgz",
			"integrity": "sha1-bnF1jqT1Ka/KNv3r/9W0jFeekNo=",
			"requires": {
				"@types/node": "9.4.6",
				"@types/webpack": "3.8.8"
			}
		},
		"@types/node": {
			"version": "9.4.6",
			"resolved": "http://registry.npm.taobao.org/@types/node/download/@types/node-9.4.6.tgz",
			"integrity": "sha1-2Bdthk7kh1PQU3g+TkY67Ia42C4="
		},
		"@types/tapable": {
			"version": "0.2.4",
			"resolved": "http://registry.npm.taobao.org/@types/tapable/download/@types/tapable-0.2.4.tgz",
			"integrity": "sha1-gYGiKNpGGFQ5MA5gDFrjs7OYJYU="
		},
		"@types/uglify-js": {
			"version": "2.6.30",
			"resolved": "http://registry.npm.taobao.org/@types/uglify-js/download/@types/uglify-js-2.6.30.tgz",
			"integrity": "sha1-JX0rbdhmc9YNpHZoD7qQ8uMMbu8=",
			"requires": {
				"source-map": "0.6.1"
			}
		},
		"@types/webpack": {
			"version": "3.8.8",
			"resolved": "http://registry.npm.taobao.org/@types/webpack/download/@types/webpack-3.8.8.tgz",
			"integrity": "sha1-/ZSD7fLWk16qtSqlMLH3N8GIzZo=",
			"requires": {
				"@types/node": "9.4.6",
				"@types/tapable": "0.2.4",
				"@types/uglify-js": "2.6.30",
				"source-map": "0.6.1"
			}
		},
		"babel-runtime": {
			"version": "6.26.0",
			"resolved": "http://registry.npm.taobao.org/babel-runtime/download/babel-runtime-6.26.0.tgz",
			"integrity": "sha1-llxwWGaOgrVde/4E/yM3vItWR/4=",
			"requires": {
				"core-js": "2.5.3",
				"regenerator-runtime": "0.11.1"
			}
		},
		"core-js": {
			"version": "2.5.3",
			"resolved": "http://registry.npm.taobao.org/core-js/download/core-js-2.5.3.tgz",
			"integrity": "sha1-isw4NFgk8W2DZbfJtCWRaOjtYD4="
		},
		"cross-spawn": {
			"version": "5.1.0",
			"resolved": "http://registry.npm.taobao.org/cross-spawn/download/cross-spawn-5.1.0.tgz",
			"integrity": "sha1-6L0O/uWPz/b4+UUQoKVUu/ojVEk=",
			"requires": {
				"lru-cache": "4.1.1",
				"shebang-command": "1.2.0",
				"which": "1.3.0"
			}
		},
		"debug": {
			"version": "3.1.0",
			"resolved": "http://registry.npm.taobao.org/debug/download/debug-3.1.0.tgz",
			"integrity": "sha1-W7WgZyYotkFJVmuhaBnmFRjGcmE=",
			"requires": {
				"ms": "2.0.0"
			}
		},
		"isexe": {
			"version": "2.0.0",
			"resolved": "http://registry.npm.taobao.org/isexe/download/isexe-2.0.0.tgz",
			"integrity": "sha1-6PvzdNxVb/iUehDcsFctYz8s+hA="
		},
		"lru-cache": {
			"version": "4.1.1",
			"resolved": "http://registry.npm.taobao.org/lru-cache/download/lru-cache-4.1.1.tgz",
			"integrity": "sha1-Yi4y6CSItJJ5EUpPns9F581rulU=",
			"requires": {
				"pseudomap": "1.0.2",
				"yallist": "2.1.2"
			}
		},
		"minapp": {
			"version": "0.0.1",
			"resolved": "http://registry.npm.taobao.org/minapp/download/minapp-0.0.1.tgz",
			"integrity": "sha1-Wl6zUOJDrkIrHaBQXnM0piWy/YU=",
			"requires": {
				"@minapp/core": "0.0.1",
				"debug": "3.1.0",
				"mora-common": "1.0.11",
				"mora-scripts": "1.6.21",
				"tslib": "1.9.0"
			}
		},
		"mora-common": {
			"version": "1.0.11",
			"resolved": "http://registry.npm.taobao.org/mora-common/download/mora-common-1.0.11.tgz",
			"integrity": "sha1-x7pSN2AM9Xkz/r3Izo8Bfp9kwRc=",
			"requires": {
				"@types/loader-utils": "1.1.0"
			}
		},
		"mora-scripts": {
			"version": "1.6.21",
			"resolved": "http://registry.npm.taobao.org/mora-scripts/download/mora-scripts-1.6.21.tgz",
			"integrity": "sha1-pvLUFShmszPBu1sEO20zftM2klk=",
			"requires": {
				"cross-spawn": "5.1.0",
				"semver-regex": "1.0.0"
			}
		},
		"ms": {
			"version": "2.0.0",
			"resolved": "http://registry.npm.taobao.org/ms/download/ms-2.0.0.tgz",
			"integrity": "sha1-VgiurfwAvmwpAd9fmGF4jeDVl8g="
		},
		"pseudomap": {
			"version": "1.0.2",
			"resolved": "http://registry.npm.taobao.org/pseudomap/download/pseudomap-1.0.2.tgz",
			"integrity": "sha1-8FKijacOYYkX7wqKw0wa5aaChrM="
		},
		"regenerator-runtime": {
			"version": "0.11.1",
			"resolved": "http://registry.npm.taobao.org/regenerator-runtime/download/regenerator-runtime-0.11.1.tgz",
			"integrity": "sha1-vgWtf5v30i4Fb5cmzuUBf78Z4uk="
		},
		"semver-regex": {
			"version": "1.0.0",
			"resolved": "http://registry.npm.taobao.org/semver-regex/download/semver-regex-1.0.0.tgz",
			"integrity": "sha1-kqSWkGX5xwxpR1PVUkj8aPj2Usk="
		},
		"shebang-command": {
			"version": "1.2.0",
			"resolved": "http://registry.npm.taobao.org/shebang-command/download/shebang-command-1.2.0.tgz",
			"integrity": "sha1-RKrGW2lbAzmJaMOfNj/uXer98eo=",
			"requires": {
				"shebang-regex": "1.0.0"
			}
		},
		"shebang-regex": {
			"version": "1.0.0",
			"resolved": "http://registry.npm.taobao.org/shebang-regex/download/shebang-regex-1.0.0.tgz",
			"integrity": "sha1-2kL0l0DAtC2yypcoVxyxkMmO/qM="
		},
		"source-map": {
			"version": "0.6.1",
			"resolved": "http://registry.npm.taobao.org/source-map/download/source-map-0.6.1.tgz",
			"integrity": "sha1-dHIq8y6WFOnCh6jQu95IteLxomM="
		},
		"tslib": {
			"version": "1.9.0",
			"resolved": "http://registry.npm.taobao.org/tslib/download/tslib-1.9.0.tgz",
			"integrity": "sha1-43qG/ajLuvI6BX9HPJ9Nxk5fwug="
		},
		"which": {
			"version": "1.3.0",
			"resolved": "http://registry.npm.taobao.org/which/download/which-1.3.0.tgz",
			"integrity": "sha1-/wS9/AEO5UfXgL7DjhrBwnd9JTo=",
			"requires": {
				"isexe": "2.0.0"
			}
		},
		"yallist": {
			"version": "2.1.2",
			"resolved": "http://registry.npm.taobao.org/yallist/download/yallist-2.1.2.tgz",
			"integrity": "sha1-HBH5IY8HYImkfdUS+TxmmaaoHVI="
		}
	}
}
