{
	"requires": true,
	"lockfileVersion": 1,
	"dependencies": {
		"@minapp/wx": {
			"version": "1.1.1",
			"resolved": "http://registry.npm.taobao.org/@minapp/wx/download/@minapp/wx-1.1.1.tgz",
			"integrity": "sha1-8wqPQJfB0xzf4lfMBedgOh1k8bw=",
			"requires": {
				"tslib": "^1.9.0"
			}
		},
		"babel-runtime": {
			"version": "6.26.0",
			"resolved": "http://registry.npm.taobao.org/babel-runtime/download/babel-runtime-6.26.0.tgz",
			"integrity": "sha1-llxwWGaOgrVde/4E/yM3vItWR/4=",
			"requires": {
				"core-js": "^2.4.0",
				"regenerator-runtime": "^0.11.0"
			}
		},
		"core-js": {
			"version": "2.5.3",
			"resolved": "http://registry.npm.taobao.org/core-js/download/core-js-2.5.3.tgz",
			"integrity": "sha1-isw4NFgk8W2DZbfJtCWRaOjtYD4="
		},
		"mobx": {
			"version": "3.5.1",
			"resolved": "http://registry.npm.taobao.org/mobx/download/mobx-3.5.1.tgz",
			"integrity": "sha1-jmguxTXPROBABbnjfi32asyXWkI="
		},
		"regenerator-runtime": {
			"version": "0.11.1",
			"resolved": "http://registry.npm.taobao.org/regenerator-runtime/download/regenerator-runtime-0.11.1.tgz",
			"integrity": "sha1-vgWtf5v30i4Fb5cmzuUBf78Z4uk="
		},
		"tslib": {
			"version": "1.9.0",
			"resolved": "http://registry.npm.taobao.org/tslib/download/tslib-1.9.0.tgz",
			"integrity": "sha1-43qG/ajLuvI6BX9HPJ9Nxk5fwug="
		}
	}
}
